PODS:
  - FlutterMacOS (1.0.0)
  - plugintemplatejo (0.0.1):
    - FlutterMacOS

DEPENDENCIES:
  - FlutterMacOS (from `Flutter/ephemeral`)
  - plugintemplatejo (from `Flutter/ephemeral/.symlinks/plugins/plugintemplatejo/macos`)

EXTERNAL SOURCES:
  FlutterMacOS:
    :path: Flutter/ephemeral
  plugintemplatejo:
    :path: Flutter/ephemeral/.symlinks/plugins/plugintemplatejo/macos

SPEC CHECKSUMS:
  FlutterMacOS: 8f6f14fa908a6fb3fba0cd85dbd81ec4b251fb24
  plugintemplatejo: 2433a1f9c7345f692224b17436f1e23982547d1b

PODFILE CHECKSUM: 236401fc2c932af29a9fcf0e97baeeb2d750d367

COCOAPODS: 1.15.2
